
Microsoft Visual Studio Solution File, Format Version 12.00
# Visual Studio Version 16
VisualStudioVersion = 16.0.32106.194
MinimumVisualStudioVersion = 10.0.40219.1
Project("{FAE04EC0-301F-11D3-BF4B-00C04F79EFBC}") = "MotelLucky", "MotelLucky\MotelLucky.csproj", "{F6B78F20-AC02-417D-A803-D06AE71096BE}"
EndProject
Global
	GlobalSection(SolutionConfigurationPlatforms) = preSolution
		Debug|Any CPU = Debug|Any CPU
		Release|Any CPU = Release|Any CPU
	EndGlobalSection
	GlobalSection(ProjectConfigurationPlatforms) = postSolution
		{F6B78F20-AC02-417D-A803-D06AE71096BE}.Debug|Any CPU.ActiveCfg = Debug|Any CPU
		{F6B78F20-AC02-417D-A803-D06AE71096BE}.Debug|Any CPU.Build.0 = Debug|Any CPU
		{F6B78F20-AC02-417D-A803-D06AE71096BE}.Release|Any CPU.ActiveCfg = Release|Any CPU
		{F6B78F20-AC02-417D-A803-D06AE71096BE}.Release|Any CPU.Build.0 = Release|Any CPU
	EndGlobalSection
	GlobalSection(SolutionProperties) = preSolution
		HideSolutionNode = FALSE
	EndGlobalSection
	GlobalSection(ExtensibilityGlobals) = postSolution
		SolutionGuid = {D75F382F-0117-4CB4-B1B0-5263600D2E9F}
	EndGlobalSection
EndGlobal
